github.com/embeddedgo/display v1.1.0 h1:jXlY6/FeaUV89hX+ANGpTKogZWjhgno7vrCh86WA8aY=
github.com/embeddedgo/display v1.1.0/go.mod h1:0sxxBoklqMbA1uBqEAg8Plntmwvt7cNsgxaf7UaS4yw=
github.com/embeddedgo/fs v0.1.0 h1:M4bOltC28+cWixII514NKExkrRzBnjWLaRbTvZ87kIE=
github.com/embeddedgo/fs v0.1.0/go.mod h1:0PeMg4i1WKpXdRqXEktx9o0Wd9EIzwWD4KTBbvAvZ3Q=
